// !$*UTF8*$!
{
	archiveVersion = 1;
	classes = {
	};
	objectVersion = 46;
	objects = {

/* Begin PBXBuildFile section */
		56E2A7A51A13F41800AFFA53 /* main.m in Sources */ = {isa = PBXBuildFile; fileRef = 56E2A7A41A13F41800AFFA53 /* main.m */; };
		56E2A7A81A13F41800AFFA53 /* AppDelegate.m in Sources */ = {isa = PBXBuildFile; fileRef = 56E2A7A71A13F41800AFFA53 /* AppDelegate.m */; };
		56E2A7AB1A13F41800AFFA53 /* Hermes.xcdatamodeld in Sources */ = {isa = PBXBuildFile; fileRef = 56E2A7A91A13F41800AFFA53 /* Hermes.xcdatamodeld */; };
		56E2A7AE1A13F41800AFFA53 /* ViewController.m in Sources */ = {isa = PBXBuildFile; fileRef = 56E2A7AD1A13F41800AFFA53 /* ViewController.m */; };
		56E2A7B11A13F41800AFFA53 /* Main.storyboard in Resources */ = {isa = PBXBuildFile; fileRef = 56E2A7AF1A13F41800AFFA53 /* Main.storyboard */; };
		56E2A7B31A13F41800AFFA53 /* Images.xcassets in Resources */ = {isa = PBXBuildFile; fileRef = 56E2A7B21A13F41800AFFA53 /* Images.xcassets */; };
		56E2A7B61A13F41800AFFA53 /* LaunchScreen.xib in Resources */ = {isa = PBXBuildFile; fileRef = 56E2A7B41A13F41800AFFA53 /* LaunchScreen.xib */; };
		56E2A7C21A13F41800AFFA53 /* HermesTests.m in Sources */ = {isa = PBXBuildFile; fileRef = 56E2A7C11A13F41800AFFA53 /* HermesTests.m */; };
/* End PBXBuildFile section */

/* Begin PBXContainerItemProxy section */
		56E2A7BC1A13F41800AFFA53 /* PBXContainerItemProxy */ = {
			isa = PBXContainerItemProxy;
			containerPortal = 56E2A7971A13F41800AFFA53 /* Project object */;
			proxyType = 1;
			remoteGlobalIDString = 56E2A79E1A13F41800AFFA53;
			remoteInfo = Hermes;
		};
/* End PBXContainerItemProxy section */

/* Begin PBXFileReference section */
		56E2A79F1A13F41800AFFA53 /* Hermes.app */ = {isa = PBXFileReference; explicitFileType = wrapper.application; includeInIndex = 0; path = Hermes.app; sourceTree = BUILT_PRODUCTS_DIR; };
		56E2A7A31A13F41800AFFA53 /* Info.plist */ = {isa = PBXFileReference; lastKnownFileType = text.plist.xml; path = Info.plist; sourceTree = "<group>"; };
		56E2A7A41A13F41800AFFA53 /* main.m */ = {isa = PBXFileReference; lastKnownFileType = sourcecode.c.objc; path = main.m; sourceTree = "<group>"; };
		56E2A7A61A13F41800AFFA53 /* AppDelegate.h */ = {isa = PBXFileReference; lastKnownFileType = sourcecode.c.h; path = AppDelegate.h; sourceTree = "<group>"; };
		56E2A7A71A13F41800AFFA53 /* AppDelegate.m */ = {isa = PBXFileReference; lastKnownFileType = sourcecode.c.objc; path = AppDelegate.m; sourceTree = "<group>"; };
		56E2A7AA1A13F41800AFFA53 /* Hermes.xcdatamodel */ = {isa = PBXFileReference; lastKnownFileType = wrapper.xcdatamodel; path = Hermes.xcdatamodel; sourceTree = "<group>"; };
		56E2A7AC1A13F41800AFFA53 /* ViewController.h */ = {isa = PBXFileReference; lastKnownFileType = sourcecode.c.h; path = ViewController.h; sourceTree = "<group>"; };
		56E2A7AD1A13F41800AFFA53 /* ViewController.m */ = {isa = PBXFileReference; lastKnownFileType = sourcecode.c.objc; path = ViewController.m; sourceTree = "<group>"; };
		56E2A7B01A13F41800AFFA53 /* Base */ = {isa = PBXFileReference; lastKnownFileType = file.storyboard; name = Base; path = Base.lproj/Main.storyboard; sourceTree = "<group>"; };
		56E2A7B21A13F41800AFFA53 /* Images.xcassets */ = {isa = PBXFileReference; lastKnownFileType = folder.assetcatalog; path = Images.xcassets; sourceTree = "<group>"; };
		56E2A7B51A13F41800AFFA53 /* Base */ = {isa = PBXFileReference; lastKnownFileType = file.xib; name = Base; path = Base.lproj/LaunchScreen.xib; sourceTree = "<group>"; };
		56E2A7BB1A13F41800AFFA53 /* HermesTests.xctest */ = {isa = PBXFileReference; explicitFileType = wrapper.cfbundle; includeInIndex = 0; path = HermesTests.xctest; sourceTree = BUILT_PRODUCTS_DIR; };
		56E2A7C01A13F41800AFFA53 /* Info.plist */ = {isa = PBXFileReference; lastKnownFileType = text.plist.xml; path = Info.plist; sourceTree = "<group>"; };
		56E2A7C11A13F41800AFFA53 /* HermesTests.m */ = {isa = PBXFileReference; lastKnownFileType = sourcecode.c.objc; path = HermesTests.m; sourceTree = "<group>"; };
/* End PBXFileReference section */

/* Begin PBXFrameworksBuildPhase section */
		56E2A79C1A13F41800AFFA53 /* Frameworks */ = {
			isa = PBXFrameworksBuildPhase;
			buildActionMask = 2147483647;
			files = (
			);
			runOnlyForDeploymentPostprocessing = 0;
		};
		56E2A7B81A13F41800AFFA53 /* Frameworks */ = {
			isa = PBXFrameworksBuildPhase;
			buildActionMask = 2147483647;
			files = (
			);
			runOnlyForDeploymentPostprocessing = 0;
		};
/* End PBXFrameworksBuildPhase section */

/* Begin PBXGroup section */
		56E2A7961A13F41800AFFA53 = {
			isa = PBXGroup;
			children = (
				56E2A7A11A13F41800AFFA53 /* Hermes */,
				56E2A7BE1A13F41800AFFA53 /* HermesTests */,
				56E2A7A01A13F41800AFFA53 /* Products */,
			);
			sourceTree = "<group>";
		};
		56E2A7A01A13F41800AFFA53 /* Products */ = {
			isa = PBXGroup;
			children = (
				56E2A79F1A13F41800AFFA53 /* Hermes.app */,
				56E2A7BB1A13F41800AFFA53 /* HermesTests.xctest */,
			);
			name = Products;
			sourceTree = "<group>";
		};
		56E2A7A11A13F41800AFFA53 /* Hermes */ = {
			isa = PBXGroup;
			children = (
				56E2A7A61A13F41800AFFA53 /* AppDelegate.h */,
				56E2A7A71A13F41800AFFA53 /* AppDelegate.m */,
				56E2A7AC1A13F41800AFFA53 /* ViewController.h */,
				56E2A7AD1A13F41800AFFA53 /* ViewController.m */,
				56E2A7AF1A13F41800AFFA53 /* Main.storyboard */,
				56E2A7B21A13F41800AFFA53 /* Images.xcassets */,
				56E2A7B41A13F41800AFFA53 /* LaunchScreen.xib */,
				56E2A7A91A13F41800AFFA53 /* Hermes.xcdatamodeld */,
				56E2A7A21A13F41800AFFA53 /* Supporting Files */,
			);
			path = Hermes;
			sourceTree = "<group>";
		};
		56E2A7A21A13F41800AFFA53 /* Supporting Files */ = {
			isa = PBXGroup;
			children = (
				56E2A7A31A13F41800AFFA53 /* Info.plist */,
				56E2A7A41A13F41800AFFA53 /* main.m */,
			);
			name = "Supporting Files";
			sourceTree = "<group>";
		};
		56E2A7BE1A13F41800AFFA53 /* HermesTests */ = {
			isa = PBXGroup;
			children = (
				56E2A7C11A13F41800AFFA53 /* HermesTests.m */,
				56E2A7BF1A13F41800AFFA53 /* Supporting Files */,
			);
			path = HermesTests;
			sourceTree = "<group>";
		};
		56E2A7BF1A13F41800AFFA53 /* Supporting Files */ = {
			isa = PBXGroup;
			children = (
				56E2A7C01A13F41800AFFA53 /* Info.plist */,
			);
			name = "Supporting Files";
			sourceTree = "<group>";
		};
/* End PBXGroup section */

/* Begin PBXNativeTarget section */
		56E2A79E1A13F41800AFFA53 /* Hermes */ = {
			isa = PBXNativeTarget;
			buildConfigurationList = 56E2A7C51A13F41800AFFA53 /* Build configuration list for PBXNativeTarget "Hermes" */;
			buildPhases = (
				56E2A79B1A13F41800AFFA53 /* Sources */,
				56E2A79C1A13F41800AFFA53 /* Frameworks */,
				56E2A79D1A13F41800AFFA53 /* Resources */,
			);
			buildRules = (
			);
			dependencies = (
			);
			name = Hermes;
			productName = Hermes;
			productReference = 56E2A79F1A13F41800AFFA53 /* Hermes.app */;
			productType = "com.apple.product-type.application";
		};
		56E2A7BA1A13F41800AFFA53 /* HermesTests */ = {
			isa = PBXNativeTarget;
			buildConfigurationList = 56E2A7C81A13F41800AFFA53 /* Build configuration list for PBXNativeTarget "HermesTests" */;
			buildPhases = (
				56E2A7B71A13F41800AFFA53 /* Sources */,
				56E2A7B81A13F41800AFFA53 /* Frameworks */,
				56E2A7B91A13F41800AFFA53 /* Resources */,
			);
			buildRules = (
			);
			dependencies = (
				56E2A7BD1A13F41800AFFA53 /* PBXTargetDependency */,
			);
			name = HermesTests;
			productName = HermesTests;
			productReference = 56E2A7BB1A13F41800AFFA53 /* HermesTests.xctest */;
			productType = "com.apple.product-type.bundle.unit-test";
		};
/* End PBXNativeTarget section */

/* Begin PBXProject section */
		56E2A7971A13F41800AFFA53 /* Project object */ = {
			isa = PBXProject;
			attributes = {
				LastUpgradeCheck = 0610;
				ORGANIZATIONNAME = NicolasBroeking;
				TargetAttributes = {
					56E2A79E1A13F41800AFFA53 = {
						CreatedOnToolsVersion = 6.1;
					};
					56E2A7BA1A13F41800AFFA53 = {
						CreatedOnToolsVersion = 6.1;
						TestTargetID = 56E2A79E1A13F41800AFFA53;
					};
				};
			};
			buildConfigurationList = 56E2A79A1A13F41800AFFA53 /* Build configuration list for PBXProject "Hermes" */;
			compatibilityVersion = "Xcode 3.2";
			developmentRegion = English;
			hasScannedForEncodings = 0;
			knownRegions = (
				en,
				Base,
			);
			mainGroup = 56E2A7961A13F41800AFFA53;
			productRefGroup = 56E2A7A01A13F41800AFFA53 /* Products */;
			projectDirPath = "";
			projectRoot = "";
			targets = (
				56E2A79E1A13F41800AFFA53 /* Hermes */,
				56E2A7BA1A13F41800AFFA53 /* HermesTests */,
			);
		};
/* End PBXProject section */

/* Begin PBXResourcesBuildPhase section */
		56E2A79D1A13F41800AFFA53 /* Resources */ = {
			isa = PBXResourcesBuildPhase;
			buildActionMask = 2147483647;
			files = (
				56E2A7B11A13F41800AFFA53 /* Main.storyboard in Resources */,
				56E2A7B61A13F41800AFFA53 /* LaunchScreen.xib in Resources */,
				56E2A7B31A13F41800AFFA53 /* Images.xcassets in Resources */,
			);
			runOnlyForDeploymentPostprocessing = 0;
		};
		56E2A7B91A13F41800AFFA53 /* Resources */ = {
			isa = PBXResourcesBuildPhase;
			buildActionMask = 2147483647;
			files = (
			);
			runOnlyForDeploymentPostprocessing = 0;
		};
/* End PBXResourcesBuildPhase section */

/* Begin PBXSourcesBuildPhase section */
		56E2A79B1A13F41800AFFA53 /* Sources */ = {
			isa = PBXSourcesBuildPhase;
			buildActionMask = 2147483647;
			files = (
				56E2A7A81A13F41800AFFA53 /* AppDelegate.m in Sources */,
				56E2A7AB1A13F41800AFFA53 /* Hermes.xcdatamodeld in Sources */,
				56E2A7AE1A13F41800AFFA53 /* ViewController.m in Sources */,
				56E2A7A51A13F41800AFFA53 /* main.m in Sources */,
			);
			runOnlyForDeploymentPostprocessing = 0;
		};
		56E2A7B71A13F41800AFFA53 /* Sources */ = {
			isa = PBXSourcesBuildPhase;
			buildActionMask = 2147483647;
			files = (
				56E2A7C21A13F41800AFFA53 /* HermesTests.m in Sources */,
			);
			runOnlyForDeploymentPostprocessing = 0;
		};
/* End PBXSourcesBuildPhase section */

/* Begin PBXTargetDependency section */
		56E2A7BD1A13F41800AFFA53 /* PBXTargetDependency */ = {
			isa = PBXTargetDependency;
			target = 56E2A79E1A13F41800AFFA53 /* Hermes */;
			targetProxy = 56E2A7BC1A13F41800AFFA53 /* PBXContainerItemProxy */;
		};
/* End PBXTargetDependency section */

/* Begin PBXVariantGroup section */
		56E2A7AF1A13F41800AFFA53 /* Main.storyboard */ = {
			isa = PBXVariantGroup;
			children = (
				56E2A7B01A13F41800AFFA53 /* Base */,
			);
			name = Main.storyboard;
			sourceTree = "<group>";
		};
		56E2A7B41A13F41800AFFA53 /* LaunchScreen.xib */ = {
			isa = PBXVariantGroup;
			children = (
				56E2A7B51A13F41800AFFA53 /* Base */,
			);
			name = LaunchScreen.xib;
			sourceTree = "<group>";
		};
/* End PBXVariantGroup section */

/* Begin XCBuildConfiguration section */
		56E2A7C31A13F41800AFFA53 /* Debug */ = {
			isa = XCBuildConfiguration;
			buildSettings = {
				ALWAYS_SEARCH_USER_PATHS = NO;
				CLANG_CXX_LANGUAGE_STANDARD = "gnu++0x";
				CLANG_CXX_LIBRARY = "libc++";
				CLANG_ENABLE_MODULES = YES;
				CLANG_ENABLE_OBJC_ARC = YES;
				CLANG_WARN_BOOL_CONVERSION = YES;
				CLANG_WARN_CONSTANT_CONVERSION = YES;
				CLANG_WARN_DIRECT_OBJC_ISA_USAGE = YES_ERROR;
				CLANG_WARN_EMPTY_BODY = YES;
				CLANG_WARN_ENUM_CONVERSION = YES;
				CLANG_WARN_INT_CONVERSION = YES;
				CLANG_WARN_OBJC_ROOT_CLASS = YES_ERROR;
				CLANG_WARN_UNREACHABLE_CODE = YES;
				CLANG_WARN__DUPLICATE_METHOD_MATCH = YES;
				"CODE_SIGN_IDENTITY[sdk=iphoneos*]" = "iPhone Developer";
				COPY_PHASE_STRIP = NO;
				ENABLE_STRICT_OBJC_MSGSEND = YES;
				GCC_C_LANGUAGE_STANDARD = gnu99;
				GCC_DYNAMIC_NO_PIC = NO;
				GCC_OPTIMIZATION_LEVEL = 0;
				GCC_PREPROCESSOR_DEFINITIONS = (
					"DEBUG=1",
					"$(inherited)",
				);
				GCC_SYMBOLS_PRIVATE_EXTERN = NO;
				GCC_WARN_64_TO_32_BIT_CONVERSION = YES;
				GCC_WARN_ABOUT_RETURN_TYPE = YES_ERROR;
				GCC_WARN_UNDECLARED_SELECTOR = YES;
				GCC_WARN_UNINITIALIZED_AUTOS = YES_AGGRESSIVE;
				GCC_WARN_UNUSED_FUNCTION = YES;
				GCC_WARN_UNUSED_VARIABLE = YES;
				IPHONEOS_DEPLOYMENT_TARGET = 8.1;
				MTL_ENABLE_DEBUG_INFO = YES;
				ONLY_ACTIVE_ARCH = YES;
				SDKROOT = iphoneos;
				TARGETED_DEVICE_FAMILY = "1,2";
			};
			name = Debug;
		};
		56E2A7C41A13F41800AFFA53 /* Release */ = {
			isa = XCBuildConfiguration;
			buildSettings = {
				ALWAYS_SEARCH_USER_PATHS = NO;
				CLANG_CXX_LANGUAGE_STANDARD = "gnu++0x";
				CLANG_CXX_LIBRARY = "libc++";
				CLANG_ENABLE_MODULES = YES;
				CLANG_ENABLE_OBJC_ARC = YES;
				CLANG_WARN_BOOL_CONVERSION = YES;
				CLANG_WARN_CONSTANT_CONVERSION = YES;
				CLANG_WARN_DIRECT_OBJC_ISA_USAGE = YES_ERROR;
				CLANG_WARN_EMPTY_BODY = YES;
				CLANG_WARN_ENUM_CONVERSION = YES;
				CLANG_WARN_INT_CONVERSION = YES;
				CLANG_WARN_OBJC_ROOT_CLASS = YES_ERROR;
				CLANG_WARN_UNREACHABLE_CODE = YES;
				CLANG_WARN__DUPLICATE_METHOD_MATCH = YES;
				"CODE_SIGN_IDENTITY[sdk=iphoneos*]" = "iPhone Developer";
				COPY_PHASE_STRIP = YES;
				ENABLE_NS_ASSERTIONS = NO;
				ENABLE_STRICT_OBJC_MSGSEND = YES;
				GCC_C_LANGUAGE_STANDARD = gnu99;
				GCC_WARN_64_TO_32_BIT_CONVERSION = YES;
				GCC_WARN_ABOUT_RETURN_TYPE = YES_ERROR;
				GCC_WARN_UNDECLARED_SELECTOR = YES;
				GCC_WARN_UNINITIALIZED_AUTOS = YES_AGGRESSIVE;
				GCC_WARN_UNUSED_FUNCTION = YES;
				GCC_WARN_UNUSED_VARIABLE = YES;
				IPHONEOS_DEPLOYMENT_TARGET = 8.1;
				MTL_ENABLE_DEBUG_INFO = NO;
				SDKROOT = iphoneos;
				TARGETED_DEVICE_FAMILY = "1,2";
				VALIDATE_PRODUCT = YES;
			};
			name = Release;
		};
		56E2A7C61A13F41800AFFA53 /* Debug */ = {
			isa = XCBuildConfiguration;
			buildSettings = {
				ASSETCATALOG_COMPILER_APPICON_NAME = AppIcon;
				INFOPLIST_FILE = Hermes/Info.plist;
				LD_RUNPATH_SEARCH_PATHS = "$(inherited) @executable_path/Frameworks";
				PRODUCT_NAME = "$(TARGET_NAME)";
			};
			name = Debug;
		};
		56E2A7C71A13F41800AFFA53 /* Release */ = {
			isa = XCBuildConfiguration;
			buildSettings = {
				ASSETCATALOG_COMPILER_APPICON_NAME = AppIcon;
				INFOPLIST_FILE = Hermes/Info.plist;
				LD_RUNPATH_SEARCH_PATHS = "$(inherited) @executable_path/Frameworks";
				PRODUCT_NAME = "$(TARGET_NAME)";
			};
			name = Release;
		};
		56E2A7C91A13F41800AFFA53 /* Debug */ = {
			isa = XCBuildConfiguration;
			buildSettings = {
				BUNDLE_LOADER = "$(TEST_HOST)";
				FRAMEWORK_SEARCH_PATHS = (
					"$(SDKROOT)/Developer/Library/Frameworks",
					"$(inherited)",
				);
				GCC_PREPROCESSOR_DEFINITIONS = (
					"DEBUG=1",
					"$(inherited)",
				);
				INFOPLIST_FILE = HermesTests/Info.plist;
				LD_RUNPATH_SEARCH_PATHS = "$(inherited) @executable_path/Frameworks @loader_path/Frameworks";
				PRODUCT_NAME = "$(TARGET_NAME)";
				TEST_HOST = "$(BUILT_PRODUCTS_DIR)/Hermes.app/Hermes";
			};
			name = Debug;
		};
		56E2A7CA1A13F41800AFFA53 /* Release */ = {
			isa = XCBuildConfiguration;
			buildSettings = {
				BUNDLE_LOADER = "$(TEST_HOST)";
				FRAMEWORK_SEARCH_PATHS = (
					"$(SDKROOT)/Developer/Library/Frameworks",
					"$(inherited)",
				);
				INFOPLIST_FILE = HermesTests/Info.plist;
				LD_RUNPATH_SEARCH_PATHS = "$(inherited) @executable_path/Frameworks @loader_path/Frameworks";
				PRODUCT_NAME = "$(TARGET_NAME)";
				TEST_HOST = "$(BUILT_PRODUCTS_DIR)/Hermes.app/Hermes";
			};
			name = Release;
		};
/* End XCBuildConfiguration section */

/* Begin XCConfigurationList section */
		56E2A79A1A13F41800AFFA53 /* Build configuration list for PBXProject "Hermes" */ = {
			isa = XCConfigurationList;
			buildConfigurations = (
				56E2A7C31A13F41800AFFA53 /* Debug */,
				56E2A7C41A13F41800AFFA53 /* Release */,
			);
			defaultConfigurationIsVisible = 0;
			defaultConfigurationName = Release;
		};
		56E2A7C51A13F41800AFFA53 /* Build configuration list for PBXNativeTarget "Hermes" */ = {
			isa = XCConfigurationList;
			buildConfigurations = (
				56E2A7C61A13F41800AFFA53 /* Debug */,
				56E2A7C71A13F41800AFFA53 /* Release */,
			);
			defaultConfigurationIsVisible = 0;
		};
		56E2A7C81A13F41800AFFA53 /* Build configuration list for PBXNativeTarget "HermesTests" */ = {
			isa = XCConfigurationList;
			buildConfigurations = (
				56E2A7C91A13F41800AFFA53 /* Debug */,
				56E2A7CA1A13F41800AFFA53 /* Release */,
			);
			defaultConfigurationIsVisible = 0;
		};
/* End XCConfigurationList section */

/* Begin XCVersionGroup section */
		56E2A7A91A13F41800AFFA53 /* Hermes.xcdatamodeld */ = {
			isa = XCVersionGroup;
			children = (
				56E2A7AA1A13F41800AFFA53 /* Hermes.xcdatamodel */,
			);
			currentVersion = 56E2A7AA1A13F41800AFFA53 /* Hermes.xcdatamodel */;
			path = Hermes.xcdatamodeld;
			sourceTree = "<group>";
			versionGroupType = wrapper.xcdatamodel;
		};
/* End XCVersionGroup section */
	};
	rootObject = 56E2A7971A13F41800AFFA53 /* Project object */;
}
